
Microsoft Visual Studio Solution File, Format Version 12.00
# Visual Studio Version 17
VisualStudioVersion = 17.3.32929.385
MinimumVisualStudioVersion = 10.0.40219.1
Project("{FAE04EC0-301F-11D3-BF4B-00C04F79EFBC}") = "ConsoleApp19", "ConsoleApp19\ConsoleApp19.csproj", "{ED3AD424-8F36-47F4-BB8F-3AE707106058}"
EndProject
Global
	GlobalSection(SolutionConfigurationPlatforms) = preSolution
		Debug|Any CPU = Debug|Any CPU
		Release|Any CPU = Release|Any CPU
	EndGlobalSection
	GlobalSection(ProjectConfigurationPlatforms) = postSolution
		{ED3AD424-8F36-47F4-BB8F-3AE707106058}.Debug|Any CPU.ActiveCfg = Debug|Any CPU
		{ED3AD424-8F36-47F4-BB8F-3AE707106058}.Debug|Any CPU.Build.0 = Debug|Any CPU
		{ED3AD424-8F36-47F4-BB8F-3AE707106058}.Release|Any CPU.ActiveCfg = Release|Any CPU
		{ED3AD424-8F36-47F4-BB8F-3AE707106058}.Release|Any CPU.Build.0 = Release|Any CPU
	EndGlobalSection
	GlobalSection(SolutionProperties) = preSolution
		HideSolutionNode = FALSE
	EndGlobalSection
	GlobalSection(ExtensibilityGlobals) = postSolution
		SolutionGuid = {CEC6BB40-1BB4-4D2C-9AA6-09A473F6A6D2}
	EndGlobalSection
EndGlobal
