
Microsoft Visual Studio Solution File, Format Version 12.00
# Visual Studio Version 17
VisualStudioVersion = 17.3.32929.385
MinimumVisualStudioVersion = 10.0.40219.1
Project("{FAE04EC0-301F-11D3-BF4B-00C04F79EFBC}") = "ConsoleApp5", "ConsoleApp5\ConsoleApp5.csproj", "{6A3478D1-2518-416F-B08D-9052AC3FA6B2}"
EndProject
Global
	GlobalSection(SolutionConfigurationPlatforms) = preSolution
		Debug|Any CPU = Debug|Any CPU
		Release|Any CPU = Release|Any CPU
	EndGlobalSection
	GlobalSection(ProjectConfigurationPlatforms) = postSolution
		{6A3478D1-2518-416F-B08D-9052AC3FA6B2}.Debug|Any CPU.ActiveCfg = Debug|Any CPU
		{6A3478D1-2518-416F-B08D-9052AC3FA6B2}.Debug|Any CPU.Build.0 = Debug|Any CPU
		{6A3478D1-2518-416F-B08D-9052AC3FA6B2}.Release|Any CPU.ActiveCfg = Release|Any CPU
		{6A3478D1-2518-416F-B08D-9052AC3FA6B2}.Release|Any CPU.Build.0 = Release|Any CPU
	EndGlobalSection
	GlobalSection(SolutionProperties) = preSolution
		HideSolutionNode = FALSE
	EndGlobalSection
	GlobalSection(ExtensibilityGlobals) = postSolution
		SolutionGuid = {D2F7B9F8-B39D-4F98-985A-4DB7DA0E1D34}
	EndGlobalSection
EndGlobal
